Microsoft Visual Studio Solution File, Format Version 11.00
# Visual Studio 2008

Project("{47CC6A9A-DFA0-BE60-B153-E330AB5CADFC}") = "demoTileMap", "Assembly-CSharp.csproj", "{B1BA4541-DDB3-3E6B-4BAF-3C90303E4DB1}"
EndProject
Project("{47CC6A9A-DFA0-BE60-B153-E330AB5CADFC}") = "demoTileMap", "Assembly-CSharp-Editor.csproj", "{B5913D74-6B46-DF78-AB13-36F2A4A9644B}"
EndProject
Global
	GlobalSection(SolutionConfigurationPlatforms) = preSolution
		Debug|Any CPU = Debug|Any CPU
		Release|Any CPU = Release|Any CPU
	EndGlobalSection
	GlobalSection(ProjectConfigurationPlatforms) = postSolution
		{B1BA4541-DDB3-3E6B-4BAF-3C90303E4DB1}.Debug|Any CPU.ActiveCfg = Debug|Any CPU
		{B1BA4541-DDB3-3E6B-4BAF-3C90303E4DB1}.Debug|Any CPU.Build.0 = Debug|Any CPU
		{B1BA4541-DDB3-3E6B-4BAF-3C90303E4DB1}.Release|Any CPU.ActiveCfg = Release|Any CPU
		{B1BA4541-DDB3-3E6B-4BAF-3C90303E4DB1}.Release|Any CPU.Build.0 = Release|Any CPU
		{B5913D74-6B46-DF78-AB13-36F2A4A9644B}.Debug|Any CPU.ActiveCfg = Debug|Any CPU
		{B5913D74-6B46-DF78-AB13-36F2A4A9644B}.Debug|Any CPU.Build.0 = Debug|Any CPU
		{B5913D74-6B46-DF78-AB13-36F2A4A9644B}.Release|Any CPU.ActiveCfg = Release|Any CPU
		{B5913D74-6B46-DF78-AB13-36F2A4A9644B}.Release|Any CPU.Build.0 = Release|Any CPU
	EndGlobalSection
	GlobalSection(SolutionProperties) = preSolution
		HideSolutionNode = FALSE
	EndGlobalSection
	GlobalSection(MonoDevelopProperties) = preSolution
		StartupItem = Assembly-CSharp.csproj
	EndGlobalSection
EndGlobal
